
Microsoft Visual Studio Solution File, Format Version 12.00
# Visual Studio Version 17
VisualStudioVersion = 17.7.34024.191
MinimumVisualStudioVersion = 10.0.40219.1
Project("{2150E333-8FDC-42A3-9474-1A3956D46DE8}") = "src", "src", "{8A5DAF8B-3780-4C19-90F3-217A6BE83FDA}"
EndProject
Project("{2150E333-8FDC-42A3-9474-1A3956D46DE8}") = "Service", "Service", "{58E6CFCC-E23B-4517-A767-FC93130F5810}"
EndProject
Project("{2150E333-8FDC-42A3-9474-1A3956D46DE8}") = "Framework", "Framework", "{B1F8E715-8A88-4BB3-9191-C60774F3621B}"
EndProject
Project("{2150E333-8FDC-42A3-9474-1A3956D46DE8}") = "Web", "Web", "{ACCCA327-9850-4B14-85E9-0C1258C9F5DF}"
EndProject
Project("{2150E333-8FDC-42A3-9474-1A3956D46DE8}") = "Utilities", "Utilities", "{2FFAA260-7577-4E02-A76A-02C7641718EF}"
EndProject
Project("{9A19103F-16F7-4668-BE54-9A1E7A4F7556}") = "Portolo.Framework.Common", "src\Framework\Common\Portolo.Framework.Common.csproj", "{C6CEDEFA-5722-4DEE-9F60-AB694D39BD26}"
EndProject
Project("{9A19103F-16F7-4668-BE54-9A1E7A4F7556}") = "Portolo.Framework.Data", "src\Framework\Data\Portolo.Framework.Data.csproj", "{2829DF20-FFD2-493F-800D-B9B4837741A8}"
EndProject
Project("{9A19103F-16F7-4668-BE54-9A1E7A4F7556}") = "Portolo.Framework.Exception", "src\Framework\Exception\Portolo.Framework.Exception.csproj", "{5BEED464-E1B1-4D85-A924-E87DA54A15B8}"
EndProject
Project("{9A19103F-16F7-4668-BE54-9A1E7A4F7556}") = "Portolo.Framework.Log", "src\Framework\Log\Portolo.Framework.Log.csproj", "{151111B0-0D35-4C38-9479-8C9A029753FD}"
EndProject
Project("{9A19103F-16F7-4668-BE54-9A1E7A4F7556}") = "Portolo.Framework.Security", "src\Framework\Security\Portolo.Framework.Security.csproj", "{103927DC-1D24-421F-A394-EF97219F1A0F}"
EndProject
Project("{9A19103F-16F7-4668-BE54-9A1E7A4F7556}") = "Portolo.Framework.Utils", "src\Framework\Utils\Portolo.Framework.Utils.csproj", "{C641313A-531E-44C5-91FB-03864063CBC3}"
EndProject
Project("{9A19103F-16F7-4668-BE54-9A1E7A4F7556}") = "Portolo.Security", "src\Service\Security\Portolo.Security.csproj", "{A95D9019-58F6-4B1F-B349-4D672ECF76B7}"
EndProject
Project("{9A19103F-16F7-4668-BE54-9A1E7A4F7556}") = "Portolo.Utility.ApiManager", "src\Utilities\ApiManager\Portolo.Utility.ApiManager.csproj", "{217FB948-A012-4714-94A8-19B1EB56FAD3}"
EndProject
Project("{9A19103F-16F7-4668-BE54-9A1E7A4F7556}") = "Portolo.Utility.Configuration", "src\Utilities\Configuration\Portolo.Utility.Configuration.csproj", "{5DD2CA93-EF70-4010-AB90-CD0D1B975FF5}"
EndProject
Project("{9A19103F-16F7-4668-BE54-9A1E7A4F7556}") = "Portolo.Utility.Cryptography", "src\Utilities\Cryptography\Portolo.Utility.Cryptography.csproj", "{D289EBDA-746B-490C-8F28-629C87B5AA27}"
EndProject
Project("{9A19103F-16F7-4668-BE54-9A1E7A4F7556}") = "Portolo.Utility.FileSystem", "src\Utilities\FileSystem\Portolo.Utility.FileSystem.csproj", "{29DF9DBB-9B5A-4D9F-A57C-4F6434B3B203}"
EndProject
Project("{9A19103F-16F7-4668-BE54-9A1E7A4F7556}") = "Portolo.Utility.SendGrid", "src\Utilities\SendGrid\Portolo.Utility.SendGrid.csproj", "{B18B40F1-94C3-4040-9C2C-41C999DE74E7}"
EndProject
Project("{2150E333-8FDC-42A3-9474-1A3956D46DE8}") = "test", "test", "{4B5A45A6-CC02-4BE0-BC4E-C57ABE1BB32E}"
EndProject
Project("{9A19103F-16F7-4668-BE54-9A1E7A4F7556}") = "Portolo.Primary", "src\Service\Primary\Portolo.Primary.csproj", "{FA8E498F-2FF8-498A-AC81-E580852591FA}"
EndProject
Project("{9A19103F-16F7-4668-BE54-9A1E7A4F7556}") = "Portolo.Common", "src\Service\Common\Portolo.Common.csproj", "{5A9AA898-274D-4393-8E21-4A2A90B77DA9}"
EndProject
Project("{9A19103F-16F7-4668-BE54-9A1E7A4F7556}") = "Portolo.Security.Test", "Portolo.Security.Test\Portolo.Security.Test.csproj", "{AD13085D-06FC-4A20-8642-1E2F255AC901}"
EndProject
Project("{9A19103F-16F7-4668-BE54-9A1E7A4F7556}") = "Portolo.Utility.Logging", "src\Utilities\Logging\Portolo.Utility.Logging.csproj", "{1C4A6E3E-B45F-4AB3-9C4F-72552BA994FB}"
EndProject
Project("{9A19103F-16F7-4668-BE54-9A1E7A4F7556}") = "Portolo.Framework.Web", "src\Framework\Web\Portolo.Framework.Web.csproj", "{C8EDAEB6-D398-4EE9-8F6D-57516BD359CB}"
EndProject
Project("{FAE04EC0-301F-11D3-BF4B-00C04F79EFBC}") = "Portolo.Application.Web", "src\Web\Web\Portolo.Application.Web.csproj", "{54D16C6C-540C-47DA-B35A-25EA1964D523}"
EndProject
Project("{9A19103F-16F7-4668-BE54-9A1E7A4F7556}") = "Portolo.Organization", "src\Service\Organization\Portolo.Organization.csproj", "{B6A719AF-E532-4E0D-9346-6D72B476CF76}"
EndProject
Project("{9A19103F-16F7-4668-BE54-9A1E7A4F7556}") = "Portolo.Pages", "src\Service\Pages\Portolo.Pages.csproj", "{4A6C29F0-4518-40D0-93CA-D1057381D5C6}"
EndProject
Project("{9A19103F-16F7-4668-BE54-9A1E7A4F7556}") = "Portolo.Systems", "src\Service\Systems\Portolo.Systems.csproj", "{E1EEB45A-92CB-4370-BD7A-F2109DEB9E1E}"
EndProject
Project("{FAE04EC0-301F-11D3-BF4B-00C04F79EFBC}") = "Portolo.Common.Test", "Portolo.Common.Test\Portolo.Common.Test.csproj", "{77B943D9-D8B2-45F3-944D-F6D8DD6CBE76}"
EndProject
Project("{FAE04EC0-301F-11D3-BF4B-00C04F79EFBC}") = "Portolo.Organization.Test", "Portolo.Organization.Test\Portolo.Organization.Test.csproj", "{3E036545-7746-4739-9525-2EF127DEC52B}"
EndProject
Project("{FAE04EC0-301F-11D3-BF4B-00C04F79EFBC}") = "Portolo.Pages.Test", "Portolo.Pages.Test\Portolo.Pages.Test.csproj", "{4240A8EF-FDB1-4B6B-A7A7-2B0B28D7F23C}"
EndProject
Project("{FAE04EC0-301F-11D3-BF4B-00C04F79EFBC}") = "Portolo.Primary.Test", "Portolo.Primary.Test\Portolo.Primary.Test.csproj", "{AFFA01EF-91D6-41D6-BCB9-55050AAB96CD}"
EndProject
Project("{FAE04EC0-301F-11D3-BF4B-00C04F79EFBC}") = "Portolo.Systems.Test", "Portolo.Systems.Test\Portolo.Systems.Test.csproj", "{537F6102-59D2-45F2-B997-6FB2DDA2F6AE}"
EndProject
Global
	GlobalSection(SolutionConfigurationPlatforms) = preSolution
		Debug|Any CPU = Debug|Any CPU
		Release|Any CPU = Release|Any CPU
	EndGlobalSection
	GlobalSection(ProjectConfigurationPlatforms) = postSolution
		{C6CEDEFA-5722-4DEE-9F60-AB694D39BD26}.Debug|Any CPU.ActiveCfg = Debug|Any CPU
		{C6CEDEFA-5722-4DEE-9F60-AB694D39BD26}.Debug|Any CPU.Build.0 = Debug|Any CPU
		{C6CEDEFA-5722-4DEE-9F60-AB694D39BD26}.Release|Any CPU.ActiveCfg = Release|Any CPU
		{C6CEDEFA-5722-4DEE-9F60-AB694D39BD26}.Release|Any CPU.Build.0 = Release|Any CPU
		{2829DF20-FFD2-493F-800D-B9B4837741A8}.Debug|Any CPU.ActiveCfg = Debug|Any CPU
		{2829DF20-FFD2-493F-800D-B9B4837741A8}.Debug|Any CPU.Build.0 = Debug|Any CPU
		{2829DF20-FFD2-493F-800D-B9B4837741A8}.Release|Any CPU.ActiveCfg = Release|Any CPU
		{2829DF20-FFD2-493F-800D-B9B4837741A8}.Release|Any CPU.Build.0 = Release|Any CPU
		{5BEED464-E1B1-4D85-A924-E87DA54A15B8}.Debug|Any CPU.ActiveCfg = Debug|Any CPU
		{5BEED464-E1B1-4D85-A924-E87DA54A15B8}.Debug|Any CPU.Build.0 = Debug|Any CPU
		{5BEED464-E1B1-4D85-A924-E87DA54A15B8}.Release|Any CPU.ActiveCfg = Release|Any CPU
		{5BEED464-E1B1-4D85-A924-E87DA54A15B8}.Release|Any CPU.Build.0 = Release|Any CPU
		{151111B0-0D35-4C38-9479-8C9A029753FD}.Debug|Any CPU.ActiveCfg = Debug|Any CPU
		{151111B0-0D35-4C38-9479-8C9A029753FD}.Debug|Any CPU.Build.0 = Debug|Any CPU
		{151111B0-0D35-4C38-9479-8C9A029753FD}.Release|Any CPU.ActiveCfg = Release|Any CPU
		{151111B0-0D35-4C38-9479-8C9A029753FD}.Release|Any CPU.Build.0 = Release|Any CPU
		{103927DC-1D24-421F-A394-EF97219F1A0F}.Debug|Any CPU.ActiveCfg = Debug|Any CPU
		{103927DC-1D24-421F-A394-EF97219F1A0F}.Debug|Any CPU.Build.0 = Debug|Any CPU
		{103927DC-1D24-421F-A394-EF97219F1A0F}.Release|Any CPU.ActiveCfg = Release|Any CPU
		{103927DC-1D24-421F-A394-EF97219F1A0F}.Release|Any CPU.Build.0 = Release|Any CPU
		{C641313A-531E-44C5-91FB-03864063CBC3}.Debug|Any CPU.ActiveCfg = Debug|Any CPU
		{C641313A-531E-44C5-91FB-03864063CBC3}.Debug|Any CPU.Build.0 = Debug|Any CPU
		{C641313A-531E-44C5-91FB-03864063CBC3}.Release|Any CPU.ActiveCfg = Release|Any CPU
		{C641313A-531E-44C5-91FB-03864063CBC3}.Release|Any CPU.Build.0 = Release|Any CPU
		{A95D9019-58F6-4B1F-B349-4D672ECF76B7}.Debug|Any CPU.ActiveCfg = Debug|Any CPU
		{A95D9019-58F6-4B1F-B349-4D672ECF76B7}.Debug|Any CPU.Build.0 = Debug|Any CPU
		{A95D9019-58F6-4B1F-B349-4D672ECF76B7}.Release|Any CPU.ActiveCfg = Release|Any CPU
		{A95D9019-58F6-4B1F-B349-4D672ECF76B7}.Release|Any CPU.Build.0 = Release|Any CPU
		{217FB948-A012-4714-94A8-19B1EB56FAD3}.Debug|Any CPU.ActiveCfg = Debug|Any CPU
		{217FB948-A012-4714-94A8-19B1EB56FAD3}.Debug|Any CPU.Build.0 = Debug|Any CPU
		{217FB948-A012-4714-94A8-19B1EB56FAD3}.Release|Any CPU.ActiveCfg = Release|Any CPU
		{217FB948-A012-4714-94A8-19B1EB56FAD3}.Release|Any CPU.Build.0 = Release|Any CPU
		{5DD2CA93-EF70-4010-AB90-CD0D1B975FF5}.Debug|Any CPU.ActiveCfg = Debug|Any CPU
		{5DD2CA93-EF70-4010-AB90-CD0D1B975FF5}.Debug|Any CPU.Build.0 = Debug|Any CPU
		{5DD2CA93-EF70-4010-AB90-CD0D1B975FF5}.Release|Any CPU.ActiveCfg = Release|Any CPU
		{5DD2CA93-EF70-4010-AB90-CD0D1B975FF5}.Release|Any CPU.Build.0 = Release|Any CPU
		{D289EBDA-746B-490C-8F28-629C87B5AA27}.Debug|Any CPU.ActiveCfg = Debug|Any CPU
		{D289EBDA-746B-490C-8F28-629C87B5AA27}.Debug|Any CPU.Build.0 = Debug|Any CPU
		{D289EBDA-746B-490C-8F28-629C87B5AA27}.Release|Any CPU.ActiveCfg = Release|Any CPU
		{D289EBDA-746B-490C-8F28-629C87B5AA27}.Release|Any CPU.Build.0 = Release|Any CPU
		{29DF9DBB-9B5A-4D9F-A57C-4F6434B3B203}.Debug|Any CPU.ActiveCfg = Debug|Any CPU
		{29DF9DBB-9B5A-4D9F-A57C-4F6434B3B203}.Debug|Any CPU.Build.0 = Debug|Any CPU
		{29DF9DBB-9B5A-4D9F-A57C-4F6434B3B203}.Release|Any CPU.ActiveCfg = Release|Any CPU
		{29DF9DBB-9B5A-4D9F-A57C-4F6434B3B203}.Release|Any CPU.Build.0 = Release|Any CPU
		{B18B40F1-94C3-4040-9C2C-41C999DE74E7}.Debug|Any CPU.ActiveCfg = Debug|Any CPU
		{B18B40F1-94C3-4040-9C2C-41C999DE74E7}.Debug|Any CPU.Build.0 = Debug|Any CPU
		{B18B40F1-94C3-4040-9C2C-41C999DE74E7}.Release|Any CPU.ActiveCfg = Release|Any CPU
		{B18B40F1-94C3-4040-9C2C-41C999DE74E7}.Release|Any CPU.Build.0 = Release|Any CPU
		{FA8E498F-2FF8-498A-AC81-E580852591FA}.Debug|Any CPU.ActiveCfg = Debug|Any CPU
		{FA8E498F-2FF8-498A-AC81-E580852591FA}.Debug|Any CPU.Build.0 = Debug|Any CPU
		{FA8E498F-2FF8-498A-AC81-E580852591FA}.Release|Any CPU.ActiveCfg = Release|Any CPU
		{FA8E498F-2FF8-498A-AC81-E580852591FA}.Release|Any CPU.Build.0 = Release|Any CPU
		{5A9AA898-274D-4393-8E21-4A2A90B77DA9}.Debug|Any CPU.ActiveCfg = Debug|Any CPU
		{5A9AA898-274D-4393-8E21-4A2A90B77DA9}.Debug|Any CPU.Build.0 = Debug|Any CPU
		{5A9AA898-274D-4393-8E21-4A2A90B77DA9}.Release|Any CPU.ActiveCfg = Release|Any CPU
		{5A9AA898-274D-4393-8E21-4A2A90B77DA9}.Release|Any CPU.Build.0 = Release|Any CPU
		{AD13085D-06FC-4A20-8642-1E2F255AC901}.Debug|Any CPU.ActiveCfg = Debug|Any CPU
		{AD13085D-06FC-4A20-8642-1E2F255AC901}.Debug|Any CPU.Build.0 = Debug|Any CPU
		{AD13085D-06FC-4A20-8642-1E2F255AC901}.Release|Any CPU.ActiveCfg = Release|Any CPU
		{AD13085D-06FC-4A20-8642-1E2F255AC901}.Release|Any CPU.Build.0 = Release|Any CPU
		{1C4A6E3E-B45F-4AB3-9C4F-72552BA994FB}.Debug|Any CPU.ActiveCfg = Debug|Any CPU
		{1C4A6E3E-B45F-4AB3-9C4F-72552BA994FB}.Debug|Any CPU.Build.0 = Debug|Any CPU
		{1C4A6E3E-B45F-4AB3-9C4F-72552BA994FB}.Release|Any CPU.ActiveCfg = Release|Any CPU
		{1C4A6E3E-B45F-4AB3-9C4F-72552BA994FB}.Release|Any CPU.Build.0 = Release|Any CPU
		{C8EDAEB6-D398-4EE9-8F6D-57516BD359CB}.Debug|Any CPU.ActiveCfg = Debug|Any CPU
		{C8EDAEB6-D398-4EE9-8F6D-57516BD359CB}.Debug|Any CPU.Build.0 = Debug|Any CPU
		{C8EDAEB6-D398-4EE9-8F6D-57516BD359CB}.Release|Any CPU.ActiveCfg = Release|Any CPU
		{C8EDAEB6-D398-4EE9-8F6D-57516BD359CB}.Release|Any CPU.Build.0 = Release|Any CPU
		{54D16C6C-540C-47DA-B35A-25EA1964D523}.Debug|Any CPU.ActiveCfg = Debug|Any CPU
		{54D16C6C-540C-47DA-B35A-25EA1964D523}.Debug|Any CPU.Build.0 = Debug|Any CPU
		{54D16C6C-540C-47DA-B35A-25EA1964D523}.Release|Any CPU.ActiveCfg = Release|Any CPU
		{54D16C6C-540C-47DA-B35A-25EA1964D523}.Release|Any CPU.Build.0 = Release|Any CPU
		{B6A719AF-E532-4E0D-9346-6D72B476CF76}.Debug|Any CPU.ActiveCfg = Debug|Any CPU
		{B6A719AF-E532-4E0D-9346-6D72B476CF76}.Debug|Any CPU.Build.0 = Debug|Any CPU
		{B6A719AF-E532-4E0D-9346-6D72B476CF76}.Release|Any CPU.ActiveCfg = Release|Any CPU
		{B6A719AF-E532-4E0D-9346-6D72B476CF76}.Release|Any CPU.Build.0 = Release|Any CPU
		{4A6C29F0-4518-40D0-93CA-D1057381D5C6}.Debug|Any CPU.ActiveCfg = Debug|Any CPU
		{4A6C29F0-4518-40D0-93CA-D1057381D5C6}.Debug|Any CPU.Build.0 = Debug|Any CPU
		{4A6C29F0-4518-40D0-93CA-D1057381D5C6}.Release|Any CPU.ActiveCfg = Release|Any CPU
		{4A6C29F0-4518-40D0-93CA-D1057381D5C6}.Release|Any CPU.Build.0 = Release|Any CPU
		{E1EEB45A-92CB-4370-BD7A-F2109DEB9E1E}.Debug|Any CPU.ActiveCfg = Debug|Any CPU
		{E1EEB45A-92CB-4370-BD7A-F2109DEB9E1E}.Debug|Any CPU.Build.0 = Debug|Any CPU
		{E1EEB45A-92CB-4370-BD7A-F2109DEB9E1E}.Release|Any CPU.ActiveCfg = Release|Any CPU
		{E1EEB45A-92CB-4370-BD7A-F2109DEB9E1E}.Release|Any CPU.Build.0 = Release|Any CPU
		{77B943D9-D8B2-45F3-944D-F6D8DD6CBE76}.Debug|Any CPU.ActiveCfg = Debug|Any CPU
		{77B943D9-D8B2-45F3-944D-F6D8DD6CBE76}.Debug|Any CPU.Build.0 = Debug|Any CPU
		{77B943D9-D8B2-45F3-944D-F6D8DD6CBE76}.Release|Any CPU.ActiveCfg = Release|Any CPU
		{77B943D9-D8B2-45F3-944D-F6D8DD6CBE76}.Release|Any CPU.Build.0 = Release|Any CPU
		{3E036545-7746-4739-9525-2EF127DEC52B}.Debug|Any CPU.ActiveCfg = Debug|Any CPU
		{3E036545-7746-4739-9525-2EF127DEC52B}.Debug|Any CPU.Build.0 = Debug|Any CPU
		{3E036545-7746-4739-9525-2EF127DEC52B}.Release|Any CPU.ActiveCfg = Release|Any CPU
		{3E036545-7746-4739-9525-2EF127DEC52B}.Release|Any CPU.Build.0 = Release|Any CPU
		{4240A8EF-FDB1-4B6B-A7A7-2B0B28D7F23C}.Debug|Any CPU.ActiveCfg = Debug|Any CPU
		{4240A8EF-FDB1-4B6B-A7A7-2B0B28D7F23C}.Debug|Any CPU.Build.0 = Debug|Any CPU
		{4240A8EF-FDB1-4B6B-A7A7-2B0B28D7F23C}.Release|Any CPU.ActiveCfg = Release|Any CPU
		{4240A8EF-FDB1-4B6B-A7A7-2B0B28D7F23C}.Release|Any CPU.Build.0 = Release|Any CPU
		{AFFA01EF-91D6-41D6-BCB9-55050AAB96CD}.Debug|Any CPU.ActiveCfg = Debug|Any CPU
		{AFFA01EF-91D6-41D6-BCB9-55050AAB96CD}.Debug|Any CPU.Build.0 = Debug|Any CPU
		{AFFA01EF-91D6-41D6-BCB9-55050AAB96CD}.Release|Any CPU.ActiveCfg = Release|Any CPU
		{AFFA01EF-91D6-41D6-BCB9-55050AAB96CD}.Release|Any CPU.Build.0 = Release|Any CPU
		{537F6102-59D2-45F2-B997-6FB2DDA2F6AE}.Debug|Any CPU.ActiveCfg = Debug|Any CPU
		{537F6102-59D2-45F2-B997-6FB2DDA2F6AE}.Debug|Any CPU.Build.0 = Debug|Any CPU
		{537F6102-59D2-45F2-B997-6FB2DDA2F6AE}.Release|Any CPU.ActiveCfg = Release|Any CPU
		{537F6102-59D2-45F2-B997-6FB2DDA2F6AE}.Release|Any CPU.Build.0 = Release|Any CPU
	EndGlobalSection
	GlobalSection(SolutionProperties) = preSolution
		HideSolutionNode = FALSE
	EndGlobalSection
	GlobalSection(NestedProjects) = preSolution
		{58E6CFCC-E23B-4517-A767-FC93130F5810} = {8A5DAF8B-3780-4C19-90F3-217A6BE83FDA}
		{B1F8E715-8A88-4BB3-9191-C60774F3621B} = {8A5DAF8B-3780-4C19-90F3-217A6BE83FDA}
		{ACCCA327-9850-4B14-85E9-0C1258C9F5DF} = {8A5DAF8B-3780-4C19-90F3-217A6BE83FDA}
		{2FFAA260-7577-4E02-A76A-02C7641718EF} = {8A5DAF8B-3780-4C19-90F3-217A6BE83FDA}
		{C6CEDEFA-5722-4DEE-9F60-AB694D39BD26} = {B1F8E715-8A88-4BB3-9191-C60774F3621B}
		{2829DF20-FFD2-493F-800D-B9B4837741A8} = {B1F8E715-8A88-4BB3-9191-C60774F3621B}
		{5BEED464-E1B1-4D85-A924-E87DA54A15B8} = {B1F8E715-8A88-4BB3-9191-C60774F3621B}
		{151111B0-0D35-4C38-9479-8C9A029753FD} = {B1F8E715-8A88-4BB3-9191-C60774F3621B}
		{103927DC-1D24-421F-A394-EF97219F1A0F} = {B1F8E715-8A88-4BB3-9191-C60774F3621B}
		{C641313A-531E-44C5-91FB-03864063CBC3} = {B1F8E715-8A88-4BB3-9191-C60774F3621B}
		{A95D9019-58F6-4B1F-B349-4D672ECF76B7} = {58E6CFCC-E23B-4517-A767-FC93130F5810}
		{217FB948-A012-4714-94A8-19B1EB56FAD3} = {2FFAA260-7577-4E02-A76A-02C7641718EF}
		{5DD2CA93-EF70-4010-AB90-CD0D1B975FF5} = {2FFAA260-7577-4E02-A76A-02C7641718EF}
		{D289EBDA-746B-490C-8F28-629C87B5AA27} = {2FFAA260-7577-4E02-A76A-02C7641718EF}
		{29DF9DBB-9B5A-4D9F-A57C-4F6434B3B203} = {2FFAA260-7577-4E02-A76A-02C7641718EF}
		{B18B40F1-94C3-4040-9C2C-41C999DE74E7} = {2FFAA260-7577-4E02-A76A-02C7641718EF}
		{4B5A45A6-CC02-4BE0-BC4E-C57ABE1BB32E} = {8A5DAF8B-3780-4C19-90F3-217A6BE83FDA}
		{FA8E498F-2FF8-498A-AC81-E580852591FA} = {58E6CFCC-E23B-4517-A767-FC93130F5810}
		{5A9AA898-274D-4393-8E21-4A2A90B77DA9} = {58E6CFCC-E23B-4517-A767-FC93130F5810}
		{AD13085D-06FC-4A20-8642-1E2F255AC901} = {4B5A45A6-CC02-4BE0-BC4E-C57ABE1BB32E}
		{1C4A6E3E-B45F-4AB3-9C4F-72552BA994FB} = {2FFAA260-7577-4E02-A76A-02C7641718EF}
		{C8EDAEB6-D398-4EE9-8F6D-57516BD359CB} = {B1F8E715-8A88-4BB3-9191-C60774F3621B}
		{54D16C6C-540C-47DA-B35A-25EA1964D523} = {ACCCA327-9850-4B14-85E9-0C1258C9F5DF}
		{B6A719AF-E532-4E0D-9346-6D72B476CF76} = {58E6CFCC-E23B-4517-A767-FC93130F5810}
		{4A6C29F0-4518-40D0-93CA-D1057381D5C6} = {58E6CFCC-E23B-4517-A767-FC93130F5810}
		{E1EEB45A-92CB-4370-BD7A-F2109DEB9E1E} = {58E6CFCC-E23B-4517-A767-FC93130F5810}
		{77B943D9-D8B2-45F3-944D-F6D8DD6CBE76} = {4B5A45A6-CC02-4BE0-BC4E-C57ABE1BB32E}
		{3E036545-7746-4739-9525-2EF127DEC52B} = {4B5A45A6-CC02-4BE0-BC4E-C57ABE1BB32E}
		{4240A8EF-FDB1-4B6B-A7A7-2B0B28D7F23C} = {4B5A45A6-CC02-4BE0-BC4E-C57ABE1BB32E}
		{AFFA01EF-91D6-41D6-BCB9-55050AAB96CD} = {4B5A45A6-CC02-4BE0-BC4E-C57ABE1BB32E}
		{537F6102-59D2-45F2-B997-6FB2DDA2F6AE} = {4B5A45A6-CC02-4BE0-BC4E-C57ABE1BB32E}
	EndGlobalSection
	GlobalSection(ExtensibilityGlobals) = postSolution
		SolutionGuid = {C01106C5-0362-480A-BA1B-8BBA1B0EB5C8}
	EndGlobalSection
EndGlobal
